
Microsoft Visual Studio Solution File, Format Version 12.00
# Visual Studio 15
VisualStudioVersion = 15.0.28307.1267
MinimumVisualStudioVersion = 10.0.40219.1
Project("{888888A0-9F3D-457C-B088-3A5042F75D52}") = "openai_bot_demo_live", "openai_bot_demo_live\openai_bot_demo_live.pyproj", "{03B5FDF1-087E-48DF-9635-31D60945C596}"
EndProject
Global
	GlobalSection(SolutionConfigurationPlatforms) = preSolution
		Debug|Any CPU = Debug|Any CPU
		Release|Any CPU = Release|Any CPU
	EndGlobalSection
	GlobalSection(ProjectConfigurationPlatforms) = postSolution
		{03B5FDF1-087E-48DF-9635-31D60945C596}.Debug|Any CPU.ActiveCfg = Debug|Any CPU
		{03B5FDF1-087E-48DF-9635-31D60945C596}.Release|Any CPU.ActiveCfg = Release|Any CPU
	EndGlobalSection
	GlobalSection(SolutionProperties) = preSolution
		HideSolutionNode = FALSE
	EndGlobalSection
	GlobalSection(ExtensibilityGlobals) = postSolution
		SolutionGuid = {3D65CDDB-2E75-466F-92EC-1C1D824300A1}
	EndGlobalSection
EndGlobal
